{
  "name": "@prontojs/pronto",
  "version": "0.0.1",
  "lockfileVersion": 3,
  "requires": true,
  "packages": {
    "": {
      "name": "@prontojs/pronto",
      "version": "0.0.1",
      "license": "Apache License 2.0",
      "dependencies": {
        "uWebSockets.js": "github:uNetworking/uWebSockets.js#v20.20.0"
      }
    },
    "node_modules/uWebSockets.js": {
      "version": "20.20.0",
      "resolved": "git+ssh://git@github.com/uNetworking/uWebSockets.js.git#70291680f6052af5306191b6ed88bceb58e49aa2"
    }
  }
}
